Microsoft Visual Studio Solution File, Format Version 12.00
# Visual Studio Version 17
VisualStudioVersion = 17.5.2.0
MinimumVisualStudioVersion = 10.0.40219.1
Project("{FAE04EC0-301F-11D3-BF4B-00C04F79EFBC}") = "UVV_Academico", "UVV_Academico.csproj", "{DA7A09E4-3B3D-213A-8019-AC615E1D5323}"
EndProject
Global
	GlobalSection(SolutionConfigurationPlatforms) = preSolution
		Debug|Any CPU = Debug|Any CPU
		Release|Any CPU = Release|Any CPU
	EndGlobalSection
	GlobalSection(ProjectConfigurationPlatforms) = postSolution
		{DA7A09E4-3B3D-213A-8019-AC615E1D5323}.Debug|Any CPU.ActiveCfg = Debug|Any CPU
		{DA7A09E4-3B3D-213A-8019-AC615E1D5323}.Debug|Any CPU.Build.0 = Debug|Any CPU
		{DA7A09E4-3B3D-213A-8019-AC615E1D5323}.Release|Any CPU.ActiveCfg = Release|Any CPU
		{DA7A09E4-3B3D-213A-8019-AC615E1D5323}.Release|Any CPU.Build.0 = Release|Any CPU
	EndGlobalSection
	GlobalSection(SolutionProperties) = preSolution
		HideSolutionNode = FALSE
	EndGlobalSection
	GlobalSection(ExtensibilityGlobals) = postSolution
		SolutionGuid = {CA35B78C-34B1-435D-8B02-DC884311F7C3}
	EndGlobalSection
EndGlobal
